
Microsoft Visual Studio Solution File, Format Version 12.00
# Visual Studio Version 17
VisualStudioVersion = 17.4.33213.308
MinimumVisualStudioVersion = 10.0.40219.1
Project("{2150E333-8FDC-42A3-9474-1A3956D46DE8}") = "src", "src", "{E21936DB-E5F0-4A76-B16B-FFDDDB6760E0}"
EndProject
Project("{2150E333-8FDC-42A3-9474-1A3956D46DE8}") = "tests", "tests", "{F19EA777-58A0-4530-BC3B-4CA2953AAE86}"
EndProject
Project("{9A19103F-16F7-4668-BE54-9A1E7A4F7556}") = "Framework", "Framework\Framework.csproj", "{1224DD1D-78D7-4625-9F3F-DA28EF7DACAD}"
EndProject
Project("{9A19103F-16F7-4668-BE54-9A1E7A4F7556}") = "AcerPro.Domain", "AcerPro.Domain\AcerPro.Domain.csproj", "{BA6291B2-9B30-45F7-8C6A-18857EF97DF4}"
EndProject
Project("{9A19103F-16F7-4668-BE54-9A1E7A4F7556}") = "AcerPro.Common", "AcerPro.Common\AcerPro.Common.csproj", "{11C30DF1-FCAC-4A1B-B80C-B4013CAACAA3}"
EndProject
Project("{9A19103F-16F7-4668-BE54-9A1E7A4F7556}") = "AcerPro.Persistence", "AcerPro.Persistence\AcerPro.Persistence.csproj", "{AF857251-DDC5-4F86-99B5-393E11AF2789}"
EndProject
Project("{9A19103F-16F7-4668-BE54-9A1E7A4F7556}") = "AcerPro.Presentation.Client", "AcerPro.Presentation\Client\AcerPro.Presentation.Client.csproj", "{539729B3-32A2-4ECA-8DE8-B0ED1BEC245C}"
EndProject
Project("{9A19103F-16F7-4668-BE54-9A1E7A4F7556}") = "AcerPro.Presentation.Server", "AcerPro.Presentation\Server\AcerPro.Presentation.Server.csproj", "{64ECF4AD-A942-4CA0-8854-2000561A4DE2}"
EndProject
Project("{9A19103F-16F7-4668-BE54-9A1E7A4F7556}") = "AcerPro.UnitTests", "AcerPro.UnitTests\AcerPro.UnitTests.csproj", "{9BF9D172-3744-4931-B019-14DA8D42620D}"
EndProject
Project("{FAE04EC0-301F-11D3-BF4B-00C04F79EFBC}") = "AcerPro.Application", "AcerPro.Application\AcerPro.Application.csproj", "{D463C902-2709-4142-B4C1-41E52F2A1D28}"
EndProject
Global
	GlobalSection(SolutionConfigurationPlatforms) = preSolution
		Debug|Any CPU = Debug|Any CPU
		Release|Any CPU = Release|Any CPU
	EndGlobalSection
	GlobalSection(ProjectConfigurationPlatforms) = postSolution
		{1224DD1D-78D7-4625-9F3F-DA28EF7DACAD}.Debug|Any CPU.ActiveCfg = Debug|Any CPU
		{1224DD1D-78D7-4625-9F3F-DA28EF7DACAD}.Debug|Any CPU.Build.0 = Debug|Any CPU
		{1224DD1D-78D7-4625-9F3F-DA28EF7DACAD}.Release|Any CPU.ActiveCfg = Release|Any CPU
		{1224DD1D-78D7-4625-9F3F-DA28EF7DACAD}.Release|Any CPU.Build.0 = Release|Any CPU
		{BA6291B2-9B30-45F7-8C6A-18857EF97DF4}.Debug|Any CPU.ActiveCfg = Debug|Any CPU
		{BA6291B2-9B30-45F7-8C6A-18857EF97DF4}.Debug|Any CPU.Build.0 = Debug|Any CPU
		{BA6291B2-9B30-45F7-8C6A-18857EF97DF4}.Release|Any CPU.ActiveCfg = Release|Any CPU
		{BA6291B2-9B30-45F7-8C6A-18857EF97DF4}.Release|Any CPU.Build.0 = Release|Any CPU
		{11C30DF1-FCAC-4A1B-B80C-B4013CAACAA3}.Debug|Any CPU.ActiveCfg = Debug|Any CPU
		{11C30DF1-FCAC-4A1B-B80C-B4013CAACAA3}.Debug|Any CPU.Build.0 = Debug|Any CPU
		{11C30DF1-FCAC-4A1B-B80C-B4013CAACAA3}.Release|Any CPU.ActiveCfg = Release|Any CPU
		{11C30DF1-FCAC-4A1B-B80C-B4013CAACAA3}.Release|Any CPU.Build.0 = Release|Any CPU
		{AF857251-DDC5-4F86-99B5-393E11AF2789}.Debug|Any CPU.ActiveCfg = Debug|Any CPU
		{AF857251-DDC5-4F86-99B5-393E11AF2789}.Debug|Any CPU.Build.0 = Debug|Any CPU
		{AF857251-DDC5-4F86-99B5-393E11AF2789}.Release|Any CPU.ActiveCfg = Release|Any CPU
		{AF857251-DDC5-4F86-99B5-393E11AF2789}.Release|Any CPU.Build.0 = Release|Any CPU
		{539729B3-32A2-4ECA-8DE8-B0ED1BEC245C}.Debug|Any CPU.ActiveCfg = Debug|Any CPU
		{539729B3-32A2-4ECA-8DE8-B0ED1BEC245C}.Debug|Any CPU.Build.0 = Debug|Any CPU
		{539729B3-32A2-4ECA-8DE8-B0ED1BEC245C}.Release|Any CPU.ActiveCfg = Release|Any CPU
		{539729B3-32A2-4ECA-8DE8-B0ED1BEC245C}.Release|Any CPU.Build.0 = Release|Any CPU
		{64ECF4AD-A942-4CA0-8854-2000561A4DE2}.Debug|Any CPU.ActiveCfg = Debug|Any CPU
		{64ECF4AD-A942-4CA0-8854-2000561A4DE2}.Debug|Any CPU.Build.0 = Debug|Any CPU
		{64ECF4AD-A942-4CA0-8854-2000561A4DE2}.Release|Any CPU.ActiveCfg = Release|Any CPU
		{64ECF4AD-A942-4CA0-8854-2000561A4DE2}.Release|Any CPU.Build.0 = Release|Any CPU
		{9BF9D172-3744-4931-B019-14DA8D42620D}.Debug|Any CPU.ActiveCfg = Debug|Any CPU
		{9BF9D172-3744-4931-B019-14DA8D42620D}.Debug|Any CPU.Build.0 = Debug|Any CPU
		{9BF9D172-3744-4931-B019-14DA8D42620D}.Release|Any CPU.ActiveCfg = Release|Any CPU
		{9BF9D172-3744-4931-B019-14DA8D42620D}.Release|Any CPU.Build.0 = Release|Any CPU
		{D463C902-2709-4142-B4C1-41E52F2A1D28}.Debug|Any CPU.ActiveCfg = Debug|Any CPU
		{D463C902-2709-4142-B4C1-41E52F2A1D28}.Debug|Any CPU.Build.0 = Debug|Any CPU
		{D463C902-2709-4142-B4C1-41E52F2A1D28}.Release|Any CPU.ActiveCfg = Release|Any CPU
		{D463C902-2709-4142-B4C1-41E52F2A1D28}.Release|Any CPU.Build.0 = Release|Any CPU
	EndGlobalSection
	GlobalSection(SolutionProperties) = preSolution
		HideSolutionNode = FALSE
	EndGlobalSection
	GlobalSection(NestedProjects) = preSolution
		{1224DD1D-78D7-4625-9F3F-DA28EF7DACAD} = {E21936DB-E5F0-4A76-B16B-FFDDDB6760E0}
		{BA6291B2-9B30-45F7-8C6A-18857EF97DF4} = {E21936DB-E5F0-4A76-B16B-FFDDDB6760E0}
		{11C30DF1-FCAC-4A1B-B80C-B4013CAACAA3} = {E21936DB-E5F0-4A76-B16B-FFDDDB6760E0}
		{AF857251-DDC5-4F86-99B5-393E11AF2789} = {E21936DB-E5F0-4A76-B16B-FFDDDB6760E0}
		{539729B3-32A2-4ECA-8DE8-B0ED1BEC245C} = {E21936DB-E5F0-4A76-B16B-FFDDDB6760E0}
		{64ECF4AD-A942-4CA0-8854-2000561A4DE2} = {E21936DB-E5F0-4A76-B16B-FFDDDB6760E0}
		{9BF9D172-3744-4931-B019-14DA8D42620D} = {F19EA777-58A0-4530-BC3B-4CA2953AAE86}
		{D463C902-2709-4142-B4C1-41E52F2A1D28} = {E21936DB-E5F0-4A76-B16B-FFDDDB6760E0}
	EndGlobalSection
	GlobalSection(ExtensibilityGlobals) = postSolution
		SolutionGuid = {34A51FA4-AAB5-42E5-A6AC-B3912CD9F2A7}
	EndGlobalSection
EndGlobal
